
Microsoft Visual Studio Solution File, Format Version 12.00
Project("{FAE04EC0-301F-11D3-BF4B-00C04F79EFBC}") = "Bot", "Bot\Bot.csproj", "{F3AC008F-9165-494A-9D73-D3BC106C1EEC}"
EndProject
Project("{FAE04EC0-301F-11D3-BF4B-00C04F79EFBC}") = "Server", "Server\Server.csproj", "{DB5EE7D0-E2D0-4CC1-843D-D4CA5D85163A}"
EndProject
Project("{FAE04EC0-301F-11D3-BF4B-00C04F79EFBC}") = "Client", "Client\Client.csproj", "{6A746AE2-4CC3-412C-9FF9-46896124EB62}"
EndProject
Global
	GlobalSection(SolutionConfigurationPlatforms) = preSolution
		Debug|Any CPU = Debug|Any CPU
		Release|Any CPU = Release|Any CPU
	EndGlobalSection
	GlobalSection(ProjectConfigurationPlatforms) = postSolution
		{F3AC008F-9165-494A-9D73-D3BC106C1EEC}.Debug|Any CPU.ActiveCfg = Debug|Any CPU
		{F3AC008F-9165-494A-9D73-D3BC106C1EEC}.Debug|Any CPU.Build.0 = Debug|Any CPU
		{F3AC008F-9165-494A-9D73-D3BC106C1EEC}.Release|Any CPU.ActiveCfg = Release|Any CPU
		{F3AC008F-9165-494A-9D73-D3BC106C1EEC}.Release|Any CPU.Build.0 = Release|Any CPU
		{DB5EE7D0-E2D0-4CC1-843D-D4CA5D85163A}.Debug|Any CPU.ActiveCfg = Debug|Any CPU
		{DB5EE7D0-E2D0-4CC1-843D-D4CA5D85163A}.Debug|Any CPU.Build.0 = Debug|Any CPU
		{DB5EE7D0-E2D0-4CC1-843D-D4CA5D85163A}.Release|Any CPU.ActiveCfg = Release|Any CPU
		{DB5EE7D0-E2D0-4CC1-843D-D4CA5D85163A}.Release|Any CPU.Build.0 = Release|Any CPU
		{6A746AE2-4CC3-412C-9FF9-46896124EB62}.Debug|Any CPU.ActiveCfg = Debug|Any CPU
		{6A746AE2-4CC3-412C-9FF9-46896124EB62}.Debug|Any CPU.Build.0 = Debug|Any CPU
		{6A746AE2-4CC3-412C-9FF9-46896124EB62}.Release|Any CPU.ActiveCfg = Release|Any CPU
		{6A746AE2-4CC3-412C-9FF9-46896124EB62}.Release|Any CPU.Build.0 = Release|Any CPU
	EndGlobalSection
EndGlobal
